# THIS IS AN AUTOGENERATED FILE. DO NOT EDIT THIS FILE DIRECTLY.
# yarn lockfile v1


"@react-navigation/core@^6.0.1":
  version "6.0.1"
  resolved "https://registry.yarnpkg.com/@react-navigation/core/-/core-6.0.1.tgz#4424ee1f83e2e305ef80d27c2778fb82fba852a0"
  integrity sha512-mVdvBDYdz8uzLQHokmVdX/xC4rS7NIkD1FN/yaGdovVzYApAhM+UGd3w1zskjyCSyXaVHHOwV59ZGVew+84xfQ==
  dependencies:
    "@react-navigation/routers" "^6.0.1"
    escape-string-regexp "^4.0.0"
    nanoid "^3.1.23"
    query-string "^7.0.0"
    react-is "^16.13.0"

"@react-navigation/native@^6.0.2":
  version "6.0.2"
  resolved "https://registry.yarnpkg.com/@react-navigation/native/-/native-6.0.2.tgz#6bdb3cfafb6a9cfb603c1555dd61faafca35b7c2"
  integrity sha512-HDqEwgvQ4Cu16vz8jQ55lfyNK9CGbECI1wM9cPOcUa+gkOQEDZ/95VFfFjGGflXZs3ybPvGXlMC4ZAyh1CcO6w==
  dependencies:
    "@react-navigation/core" "^6.0.1"
    escape-string-regexp "^4.0.0"
    nanoid "^3.1.23"

"@react-navigation/routers@^6.0.1":
  version "6.0.1"
  resolved "https://registry.yarnpkg.com/@react-navigation/routers/-/routers-6.0.1.tgz#ae50f07c776c18bd9fdc87f17e9f3afc3fd59d19"
  integrity sha512-5ctB49rmtTRQuTSBVgqMsEzBUjPP2ByUzBjNivA7jmvk+PDCl4oZsiR8KAm/twhxe215GYThfi2vUWXKAg6EEQ==
  dependencies:
    nanoid "^3.1.23"

decode-uri-component@^0.2.0:
  version "0.2.0"
  resolved "https://registry.yarnpkg.com/decode-uri-component/-/decode-uri-component-0.2.0.tgz#eb3913333458775cb84cd1a1fae062106bb87545"
  integrity sha1-6zkTMzRYd1y4TNGh+uBiEGu4dUU=

escape-string-regexp@^4.0.0:
  version "4.0.0"
  resolved "https://registry.yarnpkg.com/escape-string-regexp/-/escape-string-regexp-4.0.0.tgz#14ba83a5d373e3d311e5afca29cf5bfad965bf34"
  integrity sha512-TtpcNJ3XAzx3Gq8sWRzJaVajRs0uVxA2YAkdb1jm2YkPz4G6egUFAyA3n5vtEIZefPk5Wa4UXbKuS5fKkJWdgA==

filter-obj@^1.1.0:
  version "1.1.0"
  resolved "https://registry.yarnpkg.com/filter-obj/-/filter-obj-1.1.0.tgz#9b311112bc6c6127a16e016c6c5d7f19e0805c5b"
  integrity sha1-mzERErxsYSehbgFsbF1/GeCAXFs=

nanoid@^3.1.23:
  version "3.1.23"
  resolved "https://registry.yarnpkg.com/nanoid/-/nanoid-3.1.23.tgz#f744086ce7c2bc47ee0a8472574d5c78e4183a81"
  integrity sha512-FiB0kzdP0FFVGDKlRLEQ1BgDzU87dy5NnzjeW9YZNt+/c3+q82EQDUwniSAUxp/F0gFNI1ZhKU1FqYsMuqZVnw==

query-string@^7.0.0:
  version "7.0.1"
  resolved "https://registry.yarnpkg.com/query-string/-/query-string-7.0.1.tgz#45bd149cf586aaa582dffc7ec7a8ad97dd02f75d"
  integrity sha512-uIw3iRvHnk9to1blJCG3BTc+Ro56CBowJXKmNNAm3RulvPBzWLRqKSiiDk+IplJhsydwtuNMHi8UGQFcCLVfkA==
  dependencies:
    decode-uri-component "^0.2.0"
    filter-obj "^1.1.0"
    split-on-first "^1.0.0"
    strict-uri-encode "^2.0.0"

react-is@^16.13.0:
  version "16.13.1"
  resolved "https://registry.yarnpkg.com/react-is/-/react-is-16.13.1.tgz#789729a4dc36de2999dc156dd6c1d9c18cea56a4"
  integrity sha512-24e6ynE2H+OKt4kqsOvNd8kBpV65zoxbA4BVsEOB3ARVWQki/DHzaUoC5KuON/BiccDaCCTZBuOcfZs70kR8bQ==

react-native-safe-area-context@^3.3.0:
  version "3.3.0"
  resolved "https://registry.yarnpkg.com/react-native-safe-area-context/-/react-native-safe-area-context-3.3.0.tgz#6e0b45baa031589ec9c54f8359ace166a36aa5e5"
  integrity sha512-IrCNx56LO9RJ75yCf2CSSO1ceLj3mvxTAF+HWnehaeRIfF4pIcIn3WEUlXulFiha641OKS5X0+1XZCbbQ7pITA==

react-native-screens@^3.5.0:
  version "3.5.0"
  resolved "https://registry.yarnpkg.com/react-native-screens/-/react-native-screens-3.5.0.tgz#c40be78dff8e2dff1b00ba8fa670b2e429e632d2"
  integrity sha512-xew4x0YX0RaDduNYM4gZXkphPwGZIbbu9fTU85xOtT1tOUPm3OU4pFMiN6PF54haMCsaMQRvdOXvLicUVRiptA==
  dependencies:
    warn-once "^0.1.0"

split-on-first@^1.0.0:
  version "1.1.0"
  resolved "https://registry.yarnpkg.com/split-on-first/-/split-on-first-1.1.0.tgz#f610afeee3b12bce1d0c30425e76398b78249a5f"
  integrity sha512-43ZssAJaMusuKWL8sKUBQXHWOpq8d6CfN/u1p4gUzfJkM05C8rxTmYrkIPTXapZpORA6LkkzcUulJ8FqA7Uudw==

strict-uri-encode@^2.0.0:
  version "2.0.0"
  resolved "https://registry.yarnpkg.com/strict-uri-encode/-/strict-uri-encode-2.0.0.tgz#b9c7330c7042862f6b142dc274bbcc5866ce3546"
  integrity sha1-ucczDHBChi9rFC3CdLvMWGbONUY=

warn-once@^0.1.0:
  version "0.1.0"
  resolved "https://registry.yarnpkg.com/warn-once/-/warn-once-0.1.0.tgz#4f58d89b84f968d0389176aa99e0cf0f14ffd4c8"
  integrity sha512-recZTSvuaH/On5ZU5ywq66y99lImWqzP93+AiUo9LUwG8gXHW+LJjhOd6REJHm7qb0niYqrEQJvbHSQfuJtTqA==
